
Microsoft Visual Studio Solution File, Format Version 12.00
# Visual Studio Version 17
VisualStudioVersion = 17.1.32210.238
MinimumVisualStudioVersion = 10.0.40219.1
Project("{FAE04EC0-301F-11D3-BF4B-00C04F79EFBC}") = "LireFichierJson", "LireFichierJson\LireFichierJson.csproj", "{18ECBEAE-7CE4-432F-AEED-C1DAEEDA0CC4}"
EndProject
Global
	GlobalSection(SolutionConfigurationPlatforms) = preSolution
		Debug|Any CPU = Debug|Any CPU
		Release|Any CPU = Release|Any CPU
	EndGlobalSection
	GlobalSection(ProjectConfigurationPlatforms) = postSolution
		{18ECBEAE-7CE4-432F-AEED-C1DAEEDA0CC4}.Debug|Any CPU.ActiveCfg = Debug|Any CPU
		{18ECBEAE-7CE4-432F-AEED-C1DAEEDA0CC4}.Debug|Any CPU.Build.0 = Debug|Any CPU
		{18ECBEAE-7CE4-432F-AEED-C1DAEEDA0CC4}.Release|Any CPU.ActiveCfg = Release|Any CPU
		{18ECBEAE-7CE4-432F-AEED-C1DAEEDA0CC4}.Release|Any CPU.Build.0 = Release|Any CPU
	EndGlobalSection
	GlobalSection(SolutionProperties) = preSolution
		HideSolutionNode = FALSE
	EndGlobalSection
	GlobalSection(ExtensibilityGlobals) = postSolution
		SolutionGuid = {14E91139-6CAC-42F8-93FC-BABC9780EF18}
	EndGlobalSection
EndGlobal
